// !$*UTF8*$!
{
	archiveVersion = 1;
	classes = {
	};
	objectVersion = 50;
	objects = {

/* Begin PBXBuildFile section */
		17A945A522C97FAC00812725 /* main_css.cpp in Sources */ = {isa = PBXBuildFile; fileRef = 17A945A222C97FAC00812725 /* main_css.cpp */; };
		17A945A622C97FAC00812725 /* index.cpp in Sources */ = {isa = PBXBuildFile; fileRef = 17A945A322C97FAC00812725 /* index.cpp */; };
		17A945A722C97FAC00812725 /* main_js.cpp in Sources */ = {isa = PBXBuildFile; fileRef = 17A945A422C97FAC00812725 /* main_js.cpp */; };
		17AFB4A522C9040900493C1B /* Network.cpp in Sources */ = {isa = PBXBuildFile; fileRef = 17AFB4A322C9040900493C1B /* Network.cpp */; };
		17AFB4A922C904E500493C1B /* NetworkHandler.cpp in Sources */ = {isa = PBXBuildFile; fileRef = 17AFB4A722C904E500493C1B /* NetworkHandler.cpp */; };
		17AFB4AD22C910D700493C1B /* WebSocketServerHandler.cpp in Sources */ = {isa = PBXBuildFile; fileRef = 17AFB4AB22C910D700493C1B /* WebSocketServerHandler.cpp */; };
		17AFB4B022C942F800493C1B /* WebSocketSession.cpp in Sources */ = {isa = PBXBuildFile; fileRef = 17AFB4AE22C942F800493C1B /* WebSocketSession.cpp */; };
		17B4128022C51634003795FC /* main.cpp in Sources */ = {isa = PBXBuildFile; fileRef = 17B4127F22C51634003795FC /* main.cpp */; };
		17B4128822C5164F003795FC /* TicTacToe.cpp in Sources */ = {isa = PBXBuildFile; fileRef = 17B4128622C5164F003795FC /* TicTacToe.cpp */; };
		17B4128B22C52161003795FC /* Game.cpp in Sources */ = {isa = PBXBuildFile; fileRef = 17B4128922C52161003795FC /* Game.cpp */; };
		17B4128E22C52171003795FC /* Player.cpp in Sources */ = {isa = PBXBuildFile; fileRef = 17B4128C22C52171003795FC /* Player.cpp */; };
		17B4129522C527C6003795FC /* ConsolePlayer.cpp in Sources */ = {isa = PBXBuildFile; fileRef = 17B4129322C527C6003795FC /* ConsolePlayer.cpp */; };
		17B4129A22C52E09003795FC /* RandomPlayer.cpp in Sources */ = {isa = PBXBuildFile; fileRef = 17B4129822C52E09003795FC /* RandomPlayer.cpp */; };
		17B4129E22C5303C003795FC /* MinMaxPlayer.cpp in Sources */ = {isa = PBXBuildFile; fileRef = 17B4129C22C5303C003795FC /* MinMaxPlayer.cpp */; };
		17B412A822C59D02003795FC /* MenacePlayer.cpp in Sources */ = {isa = PBXBuildFile; fileRef = 17B412A622C59D02003795FC /* MenacePlayer.cpp */; };
		17B412AC22C59E62003795FC /* MenaceStateTransformer.cpp in Sources */ = {isa = PBXBuildFile; fileRef = 17B412AA22C59E62003795FC /* MenaceStateTransformer.cpp */; };
		17B412AF22C5A1A2003795FC /* MSTMirror.cpp in Sources */ = {isa = PBXBuildFile; fileRef = 17B412AD22C5A1A2003795FC /* MSTMirror.cpp */; };
		17B412B222C5A29A003795FC /* MSTRotate.cpp in Sources */ = {isa = PBXBuildFile; fileRef = 17B412B022C5A29A003795FC /* MSTRotate.cpp */; };
		17B412B522C5A33A003795FC /* MSTCombined.cpp in Sources */ = {isa = PBXBuildFile; fileRef = 17B412B322C5A33A003795FC /* MSTCombined.cpp */; };
/* End PBXBuildFile section */

/* Begin PBXCopyFilesBuildPhase section */
		17B4127A22C51634003795FC /* CopyFiles */ = {
			isa = PBXCopyFilesBuildPhase;
			buildActionMask = 2147483647;
			dstPath = /usr/share/man/man1/;
			dstSubfolderSpec = 0;
			files = (
			);
			runOnlyForDeploymentPostprocessing = 1;
		};
/* End PBXCopyFilesBuildPhase section */

/* Begin PBXFileReference section */
		17A9459F22C97F7D00812725 /* assets.hpp */ = {isa = PBXFileReference; lastKnownFileType = sourcecode.cpp.h; path = assets.hpp; sourceTree = "<group>"; };
		17A945A222C97FAC00812725 /* main_css.cpp */ = {isa = PBXFileReference; fileEncoding = 4; lastKnownFileType = sourcecode.cpp.cpp; path = main_css.cpp; sourceTree = "<group>"; };
		17A945A322C97FAC00812725 /* index.cpp */ = {isa = PBXFileReference; fileEncoding = 4; lastKnownFileType = sourcecode.cpp.cpp; path = index.cpp; sourceTree = "<group>"; };
		17A945A422C97FAC00812725 /* main_js.cpp */ = {isa = PBXFileReference; fileEncoding = 4; lastKnownFileType = sourcecode.cpp.cpp; path = main_js.cpp; sourceTree = "<group>"; };
		17AFB4A322C9040900493C1B /* Network.cpp */ = {isa = PBXFileReference; lastKnownFileType = sourcecode.cpp.cpp; path = Network.cpp; sourceTree = "<group>"; };
		17AFB4A422C9040900493C1B /* Network.hpp */ = {isa = PBXFileReference; lastKnownFileType = sourcecode.cpp.h; path = Network.hpp; sourceTree = "<group>"; };
		17AFB4A722C904E500493C1B /* NetworkHandler.cpp */ = {isa = PBXFileReference; lastKnownFileType = sourcecode.cpp.cpp; path = NetworkHandler.cpp; sourceTree = "<group>"; };
		17AFB4A822C904E500493C1B /* NetworkHandler.hpp */ = {isa = PBXFileReference; lastKnownFileType = sourcecode.cpp.h; path = NetworkHandler.hpp; sourceTree = "<group>"; };
		17AFB4AB22C910D700493C1B /* WebSocketServerHandler.cpp */ = {isa = PBXFileReference; lastKnownFileType = sourcecode.cpp.cpp; path = WebSocketServerHandler.cpp; sourceTree = "<group>"; };
		17AFB4AC22C910D700493C1B /* WebSocketServerHandler.hpp */ = {isa = PBXFileReference; lastKnownFileType = sourcecode.cpp.h; path = WebSocketServerHandler.hpp; sourceTree = "<group>"; };
		17AFB4AE22C942F800493C1B /* WebSocketSession.cpp */ = {isa = PBXFileReference; lastKnownFileType = sourcecode.cpp.cpp; path = WebSocketSession.cpp; sourceTree = "<group>"; };
		17AFB4AF22C942F800493C1B /* WebSocketSession.hpp */ = {isa = PBXFileReference; lastKnownFileType = sourcecode.cpp.h; path = WebSocketSession.hpp; sourceTree = "<group>"; };
		17B4127C22C51634003795FC /* Tic-Tac-Toe */ = {isa = PBXFileReference; explicitFileType = "compiled.mach-o.executable"; includeInIndex = 0; path = "Tic-Tac-Toe"; sourceTree = BUILT_PRODUCTS_DIR; };
		17B4127F22C51634003795FC /* main.cpp */ = {isa = PBXFileReference; lastKnownFileType = sourcecode.cpp.cpp; path = main.cpp; sourceTree = "<group>"; };
		17B4128622C5164F003795FC /* TicTacToe.cpp */ = {isa = PBXFileReference; lastKnownFileType = sourcecode.cpp.cpp; path = TicTacToe.cpp; sourceTree = "<group>"; };
		17B4128722C5164F003795FC /* TicTacToe.hpp */ = {isa = PBXFileReference; lastKnownFileType = sourcecode.cpp.h; path = TicTacToe.hpp; sourceTree = "<group>"; };
		17B4128922C52161003795FC /* Game.cpp */ = {isa = PBXFileReference; lastKnownFileType = sourcecode.cpp.cpp; path = Game.cpp; sourceTree = "<group>"; };
		17B4128A22C52161003795FC /* Game.hpp */ = {isa = PBXFileReference; lastKnownFileType = sourcecode.cpp.h; path = Game.hpp; sourceTree = "<group>"; };
		17B4128C22C52171003795FC /* Player.cpp */ = {isa = PBXFileReference; lastKnownFileType = sourcecode.cpp.cpp; path = Player.cpp; sourceTree = "<group>"; };
		17B4128D22C52171003795FC /* Player.hpp */ = {isa = PBXFileReference; lastKnownFileType = sourcecode.cpp.h; path = Player.hpp; sourceTree = "<group>"; };
		17B4129322C527C6003795FC /* ConsolePlayer.cpp */ = {isa = PBXFileReference; lastKnownFileType = sourcecode.cpp.cpp; path = ConsolePlayer.cpp; sourceTree = "<group>"; };
		17B4129422C527C6003795FC /* ConsolePlayer.hpp */ = {isa = PBXFileReference; lastKnownFileType = sourcecode.cpp.h; path = ConsolePlayer.hpp; sourceTree = "<group>"; };
		17B4129822C52E09003795FC /* RandomPlayer.cpp */ = {isa = PBXFileReference; lastKnownFileType = sourcecode.cpp.cpp; path = RandomPlayer.cpp; sourceTree = "<group>"; };
		17B4129922C52E09003795FC /* RandomPlayer.hpp */ = {isa = PBXFileReference; lastKnownFileType = sourcecode.cpp.h; path = RandomPlayer.hpp; sourceTree = "<group>"; };
		17B4129C22C5303C003795FC /* MinMaxPlayer.cpp */ = {isa = PBXFileReference; lastKnownFileType = sourcecode.cpp.cpp; path = MinMaxPlayer.cpp; sourceTree = "<group>"; };
		17B4129D22C5303C003795FC /* MinMaxPlayer.hpp */ = {isa = PBXFileReference; lastKnownFileType = sourcecode.cpp.h; path = MinMaxPlayer.hpp; sourceTree = "<group>"; };
		17B412A022C533D2003795FC /* Coordinate.hpp */ = {isa = PBXFileReference; lastKnownFileType = sourcecode.cpp.h; path = Coordinate.hpp; sourceTree = "<group>"; };
		17B412A622C59D02003795FC /* MenacePlayer.cpp */ = {isa = PBXFileReference; lastKnownFileType = sourcecode.cpp.cpp; path = MenacePlayer.cpp; sourceTree = "<group>"; };
		17B412A722C59D02003795FC /* MenacePlayer.hpp */ = {isa = PBXFileReference; lastKnownFileType = sourcecode.cpp.h; path = MenacePlayer.hpp; sourceTree = "<group>"; };
		17B412AA22C59E62003795FC /* MenaceStateTransformer.cpp */ = {isa = PBXFileReference; lastKnownFileType = sourcecode.cpp.cpp; path = MenaceStateTransformer.cpp; sourceTree = "<group>"; };
		17B412AB22C59E62003795FC /* MenaceStateTransformer.hpp */ = {isa = PBXFileReference; lastKnownFileType = sourcecode.cpp.h; path = MenaceStateTransformer.hpp; sourceTree = "<group>"; };
		17B412AD22C5A1A2003795FC /* MSTMirror.cpp */ = {isa = PBXFileReference; lastKnownFileType = sourcecode.cpp.cpp; path = MSTMirror.cpp; sourceTree = "<group>"; };
		17B412AE22C5A1A2003795FC /* MSTMirror.hpp */ = {isa = PBXFileReference; lastKnownFileType = sourcecode.cpp.h; path = MSTMirror.hpp; sourceTree = "<group>"; };
		17B412B022C5A29A003795FC /* MSTRotate.cpp */ = {isa = PBXFileReference; lastKnownFileType = sourcecode.cpp.cpp; path = MSTRotate.cpp; sourceTree = "<group>"; };
		17B412B122C5A29A003795FC /* MSTRotate.hpp */ = {isa = PBXFileReference; lastKnownFileType = sourcecode.cpp.h; path = MSTRotate.hpp; sourceTree = "<group>"; };
		17B412B322C5A33A003795FC /* MSTCombined.cpp */ = {isa = PBXFileReference; lastKnownFileType = sourcecode.cpp.cpp; path = MSTCombined.cpp; sourceTree = "<group>"; };
		17B412B422C5A33A003795FC /* MSTCombined.hpp */ = {isa = PBXFileReference; lastKnownFileType = sourcecode.cpp.h; path = MSTCombined.hpp; sourceTree = "<group>"; };
/* End PBXFileReference section */

/* Begin PBXFrameworksBuildPhase section */
		17B4127922C51634003795FC /* Frameworks */ = {
			isa = PBXFrameworksBuildPhase;
			buildActionMask = 2147483647;
			files = (
			);
			runOnlyForDeploymentPostprocessing = 0;
		};
/* End PBXFrameworksBuildPhase section */

/* Begin PBXGroup section */
		17A945A122C97F8A00812725 /* Assets */ = {
			isa = PBXGroup;
			children = (
				17A9459F22C97F7D00812725 /* assets.hpp */,
				17A945A322C97FAC00812725 /* index.cpp */,
				17A945A222C97FAC00812725 /* main_css.cpp */,
				17A945A422C97FAC00812725 /* main_js.cpp */,
			);
			path = Assets;
			sourceTree = "<group>";
		};
		17AFB4A222C9038300493C1B /* Network */ = {
			isa = PBXGroup;
			children = (
				17AFB4A622C904CD00493C1B /* NetworkHandler */,
				17AFB4A422C9040900493C1B /* Network.hpp */,
				17AFB4A322C9040900493C1B /* Network.cpp */,
			);
			path = Network;
			sourceTree = "<group>";
		};
		17AFB4A622C904CD00493C1B /* NetworkHandler */ = {
			isa = PBXGroup;
			children = (
				17AFB4AA22C910BF00493C1B /* WebSocketServerHandler */,
				17AFB4A822C904E500493C1B /* NetworkHandler.hpp */,
				17AFB4A722C904E500493C1B /* NetworkHandler.cpp */,
			);
			path = NetworkHandler;
			sourceTree = "<group>";
		};
		17AFB4AA22C910BF00493C1B /* WebSocketServerHandler */ = {
			isa = PBXGroup;
			children = (
				17AFB4AC22C910D700493C1B /* WebSocketServerHandler.hpp */,
				17AFB4AB22C910D700493C1B /* WebSocketServerHandler.cpp */,
				17AFB4AF22C942F800493C1B /* WebSocketSession.hpp */,
				17AFB4AE22C942F800493C1B /* WebSocketSession.cpp */,
			);
			path = WebSocketServerHandler;
			sourceTree = "<group>";
		};
		17B4127322C51634003795FC = {
			isa = PBXGroup;
			children = (
				17B4127E22C51634003795FC /* Tic-Tac-Toe */,
				17B4127D22C51634003795FC /* Products */,
			);
			sourceTree = "<group>";
		};
		17B4127D22C51634003795FC /* Products */ = {
			isa = PBXGroup;
			children = (
				17B4127C22C51634003795FC /* Tic-Tac-Toe */,
			);
			name = Products;
			sourceTree = "<group>";
		};
		17B4127E22C51634003795FC /* Tic-Tac-Toe */ = {
			isa = PBXGroup;
			children = (
				17A945A122C97F8A00812725 /* Assets */,
				17AFB4A222C9038300493C1B /* Network */,
				17B4129022C52788003795FC /* Game */,
				17B4127F22C51634003795FC /* main.cpp */,
			);
			path = "Tic-Tac-Toe";
			sourceTree = "<group>";
		};
		17B4128F22C5277E003795FC /* TicTacToe */ = {
			isa = PBXGroup;
			children = (
				17B4128722C5164F003795FC /* TicTacToe.hpp */,
				17B4128622C5164F003795FC /* TicTacToe.cpp */,
			);
			path = TicTacToe;
			sourceTree = "<group>";
		};
		17B4129022C52788003795FC /* Game */ = {
			isa = PBXGroup;
			children = (
				17B412A422C534F2003795FC /* Coordinate */,
				17B4128A22C52161003795FC /* Game.hpp */,
				17B4128922C52161003795FC /* Game.cpp */,
				17B4128F22C5277E003795FC /* TicTacToe */,
				17B4129122C52797003795FC /* Player */,
			);
			path = Game;
			sourceTree = "<group>";
		};
		17B4129122C52797003795FC /* Player */ = {
			isa = PBXGroup;
			children = (
				17B4128D22C52171003795FC /* Player.hpp */,
				17B4128C22C52171003795FC /* Player.cpp */,
				17B4129222C527A2003795FC /* Players */,
			);
			path = Player;
			sourceTree = "<group>";
		};
		17B4129222C527A2003795FC /* Players */ = {
			isa = PBXGroup;
			children = (
				17B412A522C59CC3003795FC /* MenacePlayer */,
				17B4129B22C53024003795FC /* MinMaxPlayer */,
				17B4129722C52DEF003795FC /* RandomPlayer */,
				17B4129622C52DDB003795FC /* ConsolePlayer */,
			);
			path = Players;
			sourceTree = "<group>";
		};
		17B4129622C52DDB003795FC /* ConsolePlayer */ = {
			isa = PBXGroup;
			children = (
				17B4129422C527C6003795FC /* ConsolePlayer.hpp */,
				17B4129322C527C6003795FC /* ConsolePlayer.cpp */,
			);
			path = ConsolePlayer;
			sourceTree = "<group>";
		};
		17B4129722C52DEF003795FC /* RandomPlayer */ = {
			isa = PBXGroup;
			children = (
				17B4129922C52E09003795FC /* RandomPlayer.hpp */,
				17B4129822C52E09003795FC /* RandomPlayer.cpp */,
			);
			path = RandomPlayer;
			sourceTree = "<group>";
		};
		17B4129B22C53024003795FC /* MinMaxPlayer */ = {
			isa = PBXGroup;
			children = (
				17B4129D22C5303C003795FC /* MinMaxPlayer.hpp */,
				17B4129C22C5303C003795FC /* MinMaxPlayer.cpp */,
			);
			path = MinMaxPlayer;
			sourceTree = "<group>";
		};
		17B412A422C534F2003795FC /* Coordinate */ = {
			isa = PBXGroup;
			children = (
				17B412A022C533D2003795FC /* Coordinate.hpp */,
			);
			path = Coordinate;
			sourceTree = "<group>";
		};
		17B412A522C59CC3003795FC /* MenacePlayer */ = {
			isa = PBXGroup;
			children = (
				17B412A922C59E40003795FC /* MenaceHelper */,
				17B412A722C59D02003795FC /* MenacePlayer.hpp */,
				17B412A622C59D02003795FC /* MenacePlayer.cpp */,
			);
			path = MenacePlayer;
			sourceTree = "<group>";
		};
		17B412A922C59E40003795FC /* MenaceHelper */ = {
			isa = PBXGroup;
			children = (
				17B412AB22C59E62003795FC /* MenaceStateTransformer.hpp */,
				17B412AA22C59E62003795FC /* MenaceStateTransformer.cpp */,
				17B412AE22C5A1A2003795FC /* MSTMirror.hpp */,
				17B412AD22C5A1A2003795FC /* MSTMirror.cpp */,
				17B412B122C5A29A003795FC /* MSTRotate.hpp */,
				17B412B022C5A29A003795FC /* MSTRotate.cpp */,
				17B412B422C5A33A003795FC /* MSTCombined.hpp */,
				17B412B322C5A33A003795FC /* MSTCombined.cpp */,
			);
			path = MenaceHelper;
			sourceTree = "<group>";
		};
/* End PBXGroup section */

/* Begin PBXNativeTarget section */
		17B4127B22C51634003795FC /* Tic-Tac-Toe */ = {
			isa = PBXNativeTarget;
			buildConfigurationList = 17B4128322C51634003795FC /* Build configuration list for PBXNativeTarget "Tic-Tac-Toe" */;
			buildPhases = (
				17B4127822C51634003795FC /* Sources */,
				17B4127922C51634003795FC /* Frameworks */,
				17B4127A22C51634003795FC /* CopyFiles */,
			);
			buildRules = (
			);
			dependencies = (
			);
			name = "Tic-Tac-Toe";
			productName = "Tic-Tac-Toe";
			productReference = 17B4127C22C51634003795FC /* Tic-Tac-Toe */;
			productType = "com.apple.product-type.tool";
		};
/* End PBXNativeTarget section */

/* Begin PBXProject section */
		17B4127422C51634003795FC /* Project object */ = {
			isa = PBXProject;
			attributes = {
				LastUpgradeCheck = 1010;
				ORGANIZATIONNAME = "George Endo";
				TargetAttributes = {
					17B4127B22C51634003795FC = {
						CreatedOnToolsVersion = 10.1;
					};
				};
			};
			buildConfigurationList = 17B4127722C51634003795FC /* Build configuration list for PBXProject "Tic-Tac-Toe" */;
			compatibilityVersion = "Xcode 9.3";
			developmentRegion = en;
			hasScannedForEncodings = 0;
			knownRegions = (
				en,
			);
			mainGroup = 17B4127322C51634003795FC;
			productRefGroup = 17B4127D22C51634003795FC /* Products */;
			projectDirPath = "";
			projectRoot = "";
			targets = (
				17B4127B22C51634003795FC /* Tic-Tac-Toe */,
			);
		};
/* End PBXProject section */

/* Begin PBXSourcesBuildPhase section */
		17B4127822C51634003795FC /* Sources */ = {
			isa = PBXSourcesBuildPhase;
			buildActionMask = 2147483647;
			files = (
				17AFB4B022C942F800493C1B /* WebSocketSession.cpp in Sources */,
				17B4128E22C52171003795FC /* Player.cpp in Sources */,
				17AFB4A922C904E500493C1B /* NetworkHandler.cpp in Sources */,
				17AFB4A522C9040900493C1B /* Network.cpp in Sources */,
				17B412B522C5A33A003795FC /* MSTCombined.cpp in Sources */,
				17B412B222C5A29A003795FC /* MSTRotate.cpp in Sources */,
				17B4129A22C52E09003795FC /* RandomPlayer.cpp in Sources */,
				17AFB4AD22C910D700493C1B /* WebSocketServerHandler.cpp in Sources */,
				17A945A722C97FAC00812725 /* main_js.cpp in Sources */,
				17A945A622C97FAC00812725 /* index.cpp in Sources */,
				17B4129E22C5303C003795FC /* MinMaxPlayer.cpp in Sources */,
				17B4128B22C52161003795FC /* Game.cpp in Sources */,
				17B412AC22C59E62003795FC /* MenaceStateTransformer.cpp in Sources */,
				17B412AF22C5A1A2003795FC /* MSTMirror.cpp in Sources */,
				17B4128822C5164F003795FC /* TicTacToe.cpp in Sources */,
				17A945A522C97FAC00812725 /* main_css.cpp in Sources */,
				17B4129522C527C6003795FC /* ConsolePlayer.cpp in Sources */,
				17B4128022C51634003795FC /* main.cpp in Sources */,
				17B412A822C59D02003795FC /* MenacePlayer.cpp in Sources */,
			);
			runOnlyForDeploymentPostprocessing = 0;
		};
/* End PBXSourcesBuildPhase section */

/* Begin XCBuildConfiguration section */
		17B4128122C51634003795FC /* Debug */ = {
			isa = XCBuildConfiguration;
			buildSettings = {
				ALWAYS_SEARCH_USER_PATHS = NO;
				CLANG_ANALYZER_NONNULL = YES;
				CLANG_ANALYZER_NUMBER_OBJECT_CONVERSION = YES_AGGRESSIVE;
				CLANG_CXX_LANGUAGE_STANDARD = "gnu++14";
				CLANG_CXX_LIBRARY = "libc++";
				CLANG_ENABLE_MODULES = YES;
				CLANG_ENABLE_OBJC_ARC = YES;
				CLANG_ENABLE_OBJC_WEAK = YES;
				CLANG_WARN_BLOCK_CAPTURE_AUTORELEASING = YES;
				CLANG_WARN_BOOL_CONVERSION = YES;
				CLANG_WARN_COMMA = YES;
				CLANG_WARN_CONSTANT_CONVERSION = YES;
				CLANG_WARN_DEPRECATED_OBJC_IMPLEMENTATIONS = YES;
				CLANG_WARN_DIRECT_OBJC_ISA_USAGE = YES_ERROR;
				CLANG_WARN_DOCUMENTATION_COMMENTS = YES;
				CLANG_WARN_EMPTY_BODY = YES;
				CLANG_WARN_ENUM_CONVERSION = YES;
				CLANG_WARN_INFINITE_RECURSION = YES;
				CLANG_WARN_INT_CONVERSION = YES;
				CLANG_WARN_NON_LITERAL_NULL_CONVERSION = YES;
				CLANG_WARN_OBJC_IMPLICIT_RETAIN_SELF = YES;
				CLANG_WARN_OBJC_LITERAL_CONVERSION = YES;
				CLANG_WARN_OBJC_ROOT_CLASS = YES_ERROR;
				CLANG_WARN_RANGE_LOOP_ANALYSIS = YES;
				CLANG_WARN_STRICT_PROTOTYPES = YES;
				CLANG_WARN_SUSPICIOUS_MOVE = YES;
				CLANG_WARN_UNGUARDED_AVAILABILITY = YES_AGGRESSIVE;
				CLANG_WARN_UNREACHABLE_CODE = YES;
				CLANG_WARN__DUPLICATE_METHOD_MATCH = YES;
				CODE_SIGN_IDENTITY = "-";
				COPY_PHASE_STRIP = NO;
				DEBUG_INFORMATION_FORMAT = dwarf;
				ENABLE_STRICT_OBJC_MSGSEND = YES;
				ENABLE_TESTABILITY = YES;
				GCC_C_LANGUAGE_STANDARD = gnu11;
				GCC_DYNAMIC_NO_PIC = NO;
				GCC_NO_COMMON_BLOCKS = YES;
				GCC_OPTIMIZATION_LEVEL = 0;
				GCC_PREPROCESSOR_DEFINITIONS = (
					"DEBUG=1",
					"$(inherited)",
				);
				GCC_WARN_64_TO_32_BIT_CONVERSION = YES;
				GCC_WARN_ABOUT_RETURN_TYPE = YES_ERROR;
				GCC_WARN_UNDECLARED_SELECTOR = YES;
				GCC_WARN_UNINITIALIZED_AUTOS = YES_AGGRESSIVE;
				GCC_WARN_UNUSED_FUNCTION = YES;
				GCC_WARN_UNUSED_VARIABLE = YES;
				MACOSX_DEPLOYMENT_TARGET = 10.13;
				MTL_ENABLE_DEBUG_INFO = INCLUDE_SOURCE;
				MTL_FAST_MATH = YES;
				ONLY_ACTIVE_ARCH = YES;
				SDKROOT = macosx;
			};
			name = Debug;
		};
		17B4128222C51634003795FC /* Release */ = {
			isa = XCBuildConfiguration;
			buildSettings = {
				ALWAYS_SEARCH_USER_PATHS = NO;
				CLANG_ANALYZER_NONNULL = YES;
				CLANG_ANALYZER_NUMBER_OBJECT_CONVERSION = YES_AGGRESSIVE;
				CLANG_CXX_LANGUAGE_STANDARD = "gnu++14";
				CLANG_CXX_LIBRARY = "libc++";
				CLANG_ENABLE_MODULES = YES;
				CLANG_ENABLE_OBJC_ARC = YES;
				CLANG_ENABLE_OBJC_WEAK = YES;
				CLANG_WARN_BLOCK_CAPTURE_AUTORELEASING = YES;
				CLANG_WARN_BOOL_CONVERSION = YES;
				CLANG_WARN_COMMA = YES;
				CLANG_WARN_CONSTANT_CONVERSION = YES;
				CLANG_WARN_DEPRECATED_OBJC_IMPLEMENTATIONS = YES;
				CLANG_WARN_DIRECT_OBJC_ISA_USAGE = YES_ERROR;
				CLANG_WARN_DOCUMENTATION_COMMENTS = YES;
				CLANG_WARN_EMPTY_BODY = YES;
				CLANG_WARN_ENUM_CONVERSION = YES;
				CLANG_WARN_INFINITE_RECURSION = YES;
				CLANG_WARN_INT_CONVERSION = YES;
				CLANG_WARN_NON_LITERAL_NULL_CONVERSION = YES;
				CLANG_WARN_OBJC_IMPLICIT_RETAIN_SELF = YES;
				CLANG_WARN_OBJC_LITERAL_CONVERSION = YES;
				CLANG_WARN_OBJC_ROOT_CLASS = YES_ERROR;
				CLANG_WARN_RANGE_LOOP_ANALYSIS = YES;
				CLANG_WARN_STRICT_PROTOTYPES = YES;
				CLANG_WARN_SUSPICIOUS_MOVE = YES;
				CLANG_WARN_UNGUARDED_AVAILABILITY = YES_AGGRESSIVE;
				CLANG_WARN_UNREACHABLE_CODE = YES;
				CLANG_WARN__DUPLICATE_METHOD_MATCH = YES;
				CODE_SIGN_IDENTITY = "-";
				COPY_PHASE_STRIP = NO;
				DEBUG_INFORMATION_FORMAT = "dwarf-with-dsym";
				ENABLE_NS_ASSERTIONS = NO;
				ENABLE_STRICT_OBJC_MSGSEND = YES;
				GCC_C_LANGUAGE_STANDARD = gnu11;
				GCC_NO_COMMON_BLOCKS = YES;
				GCC_WARN_64_TO_32_BIT_CONVERSION = YES;
				GCC_WARN_ABOUT_RETURN_TYPE = YES_ERROR;
				GCC_WARN_UNDECLARED_SELECTOR = YES;
				GCC_WARN_UNINITIALIZED_AUTOS = YES_AGGRESSIVE;
				GCC_WARN_UNUSED_FUNCTION = YES;
				GCC_WARN_UNUSED_VARIABLE = YES;
				MACOSX_DEPLOYMENT_TARGET = 10.13;
				MTL_ENABLE_DEBUG_INFO = NO;
				MTL_FAST_MATH = YES;
				SDKROOT = macosx;
			};
			name = Release;
		};
		17B4128422C51634003795FC /* Debug */ = {
			isa = XCBuildConfiguration;
			buildSettings = {
				CLANG_CXX_LANGUAGE_STANDARD = "c++14";
				CODE_SIGN_STYLE = Automatic;
				HEADER_SEARCH_PATHS = /usr/local/Cellar/boost/1.70.0/include;
				LIBRARY_SEARCH_PATHS = /usr/local/Cellar/boost/1.70.0/lib;
				PRODUCT_NAME = "$(TARGET_NAME)";
			};
			name = Debug;
		};
		17B4128522C51634003795FC /* Release */ = {
			isa = XCBuildConfiguration;
			buildSettings = {
				CLANG_CXX_LANGUAGE_STANDARD = "c++14";
				CODE_SIGN_STYLE = Automatic;
				HEADER_SEARCH_PATHS = /usr/local/Cellar/boost/1.70.0/include;
				LIBRARY_SEARCH_PATHS = /usr/local/Cellar/boost/1.70.0/lib;
				PRODUCT_NAME = "$(TARGET_NAME)";
			};
			name = Release;
		};
/* End XCBuildConfiguration section */

/* Begin XCConfigurationList section */
		17B4127722C51634003795FC /* Build configuration list for PBXProject "Tic-Tac-Toe" */ = {
			isa = XCConfigurationList;
			buildConfigurations = (
				17B4128122C51634003795FC /* Debug */,
				17B4128222C51634003795FC /* Release */,
			);
			defaultConfigurationIsVisible = 0;
			defaultConfigurationName = Release;
		};
		17B4128322C51634003795FC /* Build configuration list for PBXNativeTarget "Tic-Tac-Toe" */ = {
			isa = XCConfigurationList;
			buildConfigurations = (
				17B4128422C51634003795FC /* Debug */,
				17B4128522C51634003795FC /* Release */,
			);
			defaultConfigurationIsVisible = 0;
			defaultConfigurationName = Release;
		};
/* End XCConfigurationList section */
	};
	rootObject = 17B4127422C51634003795FC /* Project object */;
}
